{
  "pins" : [
    {
      "identity" : "ff-ios-client-sdk",
      "kind" : "remoteSourceControl",
      "location" : "git@github.com:harness/ff-ios-client-sdk.git",
      "state" : {
        "branch" : "main",
        "revision" : "1028877c48445a8988b1f6367967b1d4184e2bdd"
      }
    }
  ],
  "version" : 2
}
